
Microsoft Visual Studio Solution File, Format Version 12.00
# Visual Studio Version 16
VisualStudioVersion = 16.0.31105.61
MinimumVisualStudioVersion = 10.0.40219.1
Project("{9A19103F-16F7-4668-BE54-9A1E7A4F7556}") = "HackerNewsDemoAPI", "HackerNewsDemoAPI\HackerNewsDemoAPI.csproj", "{F66387E8-2555-4D91-B416-02271E2637E9}"
EndProject
Project("{9A19103F-16F7-4668-BE54-9A1E7A4F7556}") = "HackerNewsDemo.Module", "HackerNewsDemo.Module\HackerNewsDemo.Module.csproj", "{F73C6E42-F46B-41FA-82CE-0B4EB2AA4CDF}"
EndProject
Project("{FAE04EC0-301F-11D3-BF4B-00C04F79EFBC}") = "HackerNewsDemoClient", "HackerNewsDemoClient\HackerNewsDemoClient.csproj", "{66F46494-2510-4A01-9624-030BB57A6FE1}"
EndProject
Project("{FAE04EC0-301F-11D3-BF4B-00C04F79EFBC}") = "HackerNewsServiceTest", "HackerNewsServiceTest\HackerNewsServiceTest.csproj", "{7A37C50A-151B-4391-A518-D393A7D0C83F}"
EndProject
Global
	GlobalSection(SolutionConfigurationPlatforms) = preSolution
		Debug|Any CPU = Debug|Any CPU
		Release|Any CPU = Release|Any CPU
	EndGlobalSection
	GlobalSection(ProjectConfigurationPlatforms) = postSolution
		{F66387E8-2555-4D91-B416-02271E2637E9}.Debug|Any CPU.ActiveCfg = Debug|Any CPU
		{F66387E8-2555-4D91-B416-02271E2637E9}.Debug|Any CPU.Build.0 = Debug|Any CPU
		{F66387E8-2555-4D91-B416-02271E2637E9}.Release|Any CPU.ActiveCfg = Release|Any CPU
		{F66387E8-2555-4D91-B416-02271E2637E9}.Release|Any CPU.Build.0 = Release|Any CPU
		{F73C6E42-F46B-41FA-82CE-0B4EB2AA4CDF}.Debug|Any CPU.ActiveCfg = Debug|Any CPU
		{F73C6E42-F46B-41FA-82CE-0B4EB2AA4CDF}.Debug|Any CPU.Build.0 = Debug|Any CPU
		{F73C6E42-F46B-41FA-82CE-0B4EB2AA4CDF}.Release|Any CPU.ActiveCfg = Release|Any CPU
		{F73C6E42-F46B-41FA-82CE-0B4EB2AA4CDF}.Release|Any CPU.Build.0 = Release|Any CPU
		{66F46494-2510-4A01-9624-030BB57A6FE1}.Debug|Any CPU.ActiveCfg = Debug|Any CPU
		{66F46494-2510-4A01-9624-030BB57A6FE1}.Debug|Any CPU.Build.0 = Debug|Any CPU
		{66F46494-2510-4A01-9624-030BB57A6FE1}.Release|Any CPU.ActiveCfg = Release|Any CPU
		{66F46494-2510-4A01-9624-030BB57A6FE1}.Release|Any CPU.Build.0 = Release|Any CPU
		{7A37C50A-151B-4391-A518-D393A7D0C83F}.Debug|Any CPU.ActiveCfg = Debug|Any CPU
		{7A37C50A-151B-4391-A518-D393A7D0C83F}.Debug|Any CPU.Build.0 = Debug|Any CPU
		{7A37C50A-151B-4391-A518-D393A7D0C83F}.Release|Any CPU.ActiveCfg = Release|Any CPU
		{7A37C50A-151B-4391-A518-D393A7D0C83F}.Release|Any CPU.Build.0 = Release|Any CPU
	EndGlobalSection
	GlobalSection(SolutionProperties) = preSolution
		HideSolutionNode = FALSE
	EndGlobalSection
	GlobalSection(ExtensibilityGlobals) = postSolution
		SolutionGuid = {28D06253-93D0-4D79-A822-F48EB24D344D}
	EndGlobalSection
EndGlobal
